
Microsoft Visual Studio Solution File, Format Version 11.00
# Visual Studio 2010
Project("{FAE04EC0-301F-11D3-BF4B-00C04F79EFBC}") = "GeneSweeper", "GeneSweeper\GeneSweeper.csproj", "{03F4BE4E-897C-4A1A-9C6C-B64B8164E29B}"
EndProject
Project("{FAE04EC0-301F-11D3-BF4B-00C04F79EFBC}") = "GeneticAlgorithm", "GeneticAlgorithm\GeneticAlgorithm.csproj", "{0D48099F-82C6-4662-907C-290D9D0297AC}"
EndProject
Global
	GlobalSection(SolutionConfigurationPlatforms) = preSolution
		Debug|Any CPU = Debug|Any CPU
		Debug|x64 = Debug|x64
		Debug|x86 = Debug|x86
		Release|Any CPU = Release|Any CPU
		Release|x64 = Release|x64
		Release|x86 = Release|x86
	EndGlobalSection
	GlobalSection(ProjectConfigurationPlatforms) = postSolution
		{03F4BE4E-897C-4A1A-9C6C-B64B8164E29B}.Debug|Any CPU.ActiveCfg = Debug|x64
		{03F4BE4E-897C-4A1A-9C6C-B64B8164E29B}.Debug|x64.ActiveCfg = Debug|x64
		{03F4BE4E-897C-4A1A-9C6C-B64B8164E29B}.Debug|x64.Build.0 = Debug|x64
		{03F4BE4E-897C-4A1A-9C6C-B64B8164E29B}.Debug|x86.ActiveCfg = Debug|x86
		{03F4BE4E-897C-4A1A-9C6C-B64B8164E29B}.Debug|x86.Build.0 = Debug|x86
		{03F4BE4E-897C-4A1A-9C6C-B64B8164E29B}.Release|Any CPU.ActiveCfg = Release|x64
		{03F4BE4E-897C-4A1A-9C6C-B64B8164E29B}.Release|x64.ActiveCfg = Release|x64
		{03F4BE4E-897C-4A1A-9C6C-B64B8164E29B}.Release|x64.Build.0 = Release|x64
		{03F4BE4E-897C-4A1A-9C6C-B64B8164E29B}.Release|x86.ActiveCfg = Release|x86
		{03F4BE4E-897C-4A1A-9C6C-B64B8164E29B}.Release|x86.Build.0 = Release|x86
		{0D48099F-82C6-4662-907C-290D9D0297AC}.Debug|Any CPU.ActiveCfg = Debug|Any CPU
		{0D48099F-82C6-4662-907C-290D9D0297AC}.Debug|Any CPU.Build.0 = Debug|Any CPU
		{0D48099F-82C6-4662-907C-290D9D0297AC}.Debug|x64.ActiveCfg = Debug|x64
		{0D48099F-82C6-4662-907C-290D9D0297AC}.Debug|x64.Build.0 = Debug|x64
		{0D48099F-82C6-4662-907C-290D9D0297AC}.Debug|x86.ActiveCfg = Debug|x64
		{0D48099F-82C6-4662-907C-290D9D0297AC}.Release|Any CPU.ActiveCfg = Release|Any CPU
		{0D48099F-82C6-4662-907C-290D9D0297AC}.Release|Any CPU.Build.0 = Release|Any CPU
		{0D48099F-82C6-4662-907C-290D9D0297AC}.Release|x64.ActiveCfg = Release|x64
		{0D48099F-82C6-4662-907C-290D9D0297AC}.Release|x64.Build.0 = Release|x64
		{0D48099F-82C6-4662-907C-290D9D0297AC}.Release|x86.ActiveCfg = Release|x64
	EndGlobalSection
	GlobalSection(SolutionProperties) = preSolution
		HideSolutionNode = FALSE
	EndGlobalSection
EndGlobal
